
Microsoft Visual Studio Solution File, Format Version 12.00
# Visual Studio Version 17
VisualStudioVersion = 17.13.35931.197
MinimumVisualStudioVersion = 10.0.40219.1
Project("{FAE04EC0-301F-11D3-BF4B-00C04F79EFBC}") = "herald", "herald.csproj", "{D2D6AA37-4F38-BF48-0A59-384A1978D143}"
EndProject
Global
	GlobalSection(SolutionConfigurationPlatforms) = preSolution
		Debug|Any CPU = Debug|Any CPU
		Release|Any CPU = Release|Any CPU
	EndGlobalSection
	GlobalSection(ProjectConfigurationPlatforms) = postSolution
		{D2D6AA37-4F38-BF48-0A59-384A1978D143}.Debug|Any CPU.ActiveCfg = Debug|Any CPU
		{D2D6AA37-4F38-BF48-0A59-384A1978D143}.Debug|Any CPU.Build.0 = Debug|Any CPU
		{D2D6AA37-4F38-BF48-0A59-384A1978D143}.Release|Any CPU.ActiveCfg = Release|Any CPU
		{D2D6AA37-4F38-BF48-0A59-384A1978D143}.Release|Any CPU.Build.0 = Release|Any CPU
	EndGlobalSection
	GlobalSection(SolutionProperties) = preSolution
		HideSolutionNode = FALSE
	EndGlobalSection
	GlobalSection(ExtensibilityGlobals) = postSolution
		SolutionGuid = {AEAE2B82-5290-40C8-9CBD-41EEF95EB52C}
	EndGlobalSection
EndGlobal
